# This file is autogenerated, do not edit; changes may be undone by the next 'dep ensure'.


[[projects]]
  branch = "master"
  name = "github.com/jochasinga/go-weather"
  packages = ["."]
  revision = "0d5e35ef8e472ce1d2acacdc8cc7c3ec1d8a5c72"

[solve-meta]
  analyzer-name = "dep"
  analyzer-version = 1
  inputs-digest = "f9fdafe6817e4b5f7ca1441100b7d3d434604e60f06a72899355d8a695b1dda8"
  solver-name = "gps-cdcl"
  solver-version = 1
